
Microsoft Visual Studio Solution File, Format Version 12.00
# Visual Studio Version 17
VisualStudioVersion = 17.0.32112.339
MinimumVisualStudioVersion = 10.0.40219.1
Project("{2150E333-8FDC-42A3-9474-1A3956D46DE8}") = "src", "src", "{4BBBC95F-B623-41F6-9E3F-670555F91909}"
EndProject
Project("{2150E333-8FDC-42A3-9474-1A3956D46DE8}") = "corePackages", "corePackages", "{72C3D838-6215-4118-A85C-209707536ADC}"
EndProject
Project("{9A19103F-16F7-4668-BE54-9A1E7A4F7556}") = "Core.Security", "src\corePackages\Core.Security\Core.Security.csproj", "{108227A4-940A-4E1B-A68B-30FDCFF800E8}"
EndProject
Project("{9A19103F-16F7-4668-BE54-9A1E7A4F7556}") = "Core.Application", "src\corePackages\Core.Application\Core.Application.csproj", "{09E2ED5A-0003-4D63-AEAC-38C25413E1A3}"
EndProject
Project("{9A19103F-16F7-4668-BE54-9A1E7A4F7556}") = "Core.CrossCuttingConcerns", "src\corePackages\Core.CrossCuttingConcers\Core.CrossCuttingConcerns.csproj", "{52E4AEAC-238F-4834-BAC6-D02C53CC93B9}"
EndProject
Project("{9A19103F-16F7-4668-BE54-9A1E7A4F7556}") = "Core.ElasticSearch", "src\corePackages\Core.ElasticSearch\Core.ElasticSearch.csproj", "{6E6958A5-BF5E-4981-B514-C0043C61DDF8}"
EndProject
Project("{9A19103F-16F7-4668-BE54-9A1E7A4F7556}") = "Core.Mailing", "src\corePackages\Core.Mailing\Core.Mailing.csproj", "{4D0CEBDF-6BF0-456B-9DAC-33F88E84B7EC}"
EndProject
Project("{9A19103F-16F7-4668-BE54-9A1E7A4F7556}") = "Core.Persistence", "src\corePackages\Core.Persistence\Core.Persistence.csproj", "{7AD2824C-3E3A-4EAE-AB26-F8DE0115C23D}"
EndProject
Project("{2150E333-8FDC-42A3-9474-1A3956D46DE8}") = "Kodlama.io.Devs", "Kodlama.io.Devs", "{C2B4C7AE-DF9E-4F0D-9FC5-1207B6B564EF}"
EndProject
Project("{9A19103F-16F7-4668-BE54-9A1E7A4F7556}") = "WebAPI", "src\Kodlama.io.Devs\WebAPI\WebAPI.csproj", "{18FF4834-91F8-417C-87CE-BFEA9E3120EA}"
EndProject
Project("{9A19103F-16F7-4668-BE54-9A1E7A4F7556}") = "Infrastructure", "src\Kodlama.io.Devs\Infrastructure\Infrastructure.csproj", "{A7A37B05-482B-41A3-93D1-4D15C30F6CB6}"
EndProject
Project("{9A19103F-16F7-4668-BE54-9A1E7A4F7556}") = "Persistence", "src\Kodlama.io.Devs\Persistence\Persistence.csproj", "{4D786DE5-8329-41EB-9793-FC851061EC0D}"
EndProject
Project("{9A19103F-16F7-4668-BE54-9A1E7A4F7556}") = "Application", "src\Kodlama.io.Devs\Application\Application.csproj", "{E3874F34-579F-4236-A4BD-4E4601D8E11E}"
EndProject
Project("{FAE04EC0-301F-11D3-BF4B-00C04F79EFBC}") = "Domain", "src\Kodlama.io.Devs\Domain\Domain.csproj", "{A42779D2-DA09-4D13-B92C-9D7BC4FC479A}"
EndProject
Global
	GlobalSection(SolutionConfigurationPlatforms) = preSolution
		Debug|Any CPU = Debug|Any CPU
		Release|Any CPU = Release|Any CPU
	EndGlobalSection
	GlobalSection(ProjectConfigurationPlatforms) = postSolution
		{108227A4-940A-4E1B-A68B-30FDCFF800E8}.Debug|Any CPU.ActiveCfg = Debug|Any CPU
		{108227A4-940A-4E1B-A68B-30FDCFF800E8}.Debug|Any CPU.Build.0 = Debug|Any CPU
		{108227A4-940A-4E1B-A68B-30FDCFF800E8}.Release|Any CPU.ActiveCfg = Release|Any CPU
		{108227A4-940A-4E1B-A68B-30FDCFF800E8}.Release|Any CPU.Build.0 = Release|Any CPU
		{09E2ED5A-0003-4D63-AEAC-38C25413E1A3}.Debug|Any CPU.ActiveCfg = Debug|Any CPU
		{09E2ED5A-0003-4D63-AEAC-38C25413E1A3}.Debug|Any CPU.Build.0 = Debug|Any CPU
		{09E2ED5A-0003-4D63-AEAC-38C25413E1A3}.Release|Any CPU.ActiveCfg = Release|Any CPU
		{09E2ED5A-0003-4D63-AEAC-38C25413E1A3}.Release|Any CPU.Build.0 = Release|Any CPU
		{52E4AEAC-238F-4834-BAC6-D02C53CC93B9}.Debug|Any CPU.ActiveCfg = Debug|Any CPU
		{52E4AEAC-238F-4834-BAC6-D02C53CC93B9}.Debug|Any CPU.Build.0 = Debug|Any CPU
		{52E4AEAC-238F-4834-BAC6-D02C53CC93B9}.Release|Any CPU.ActiveCfg = Release|Any CPU
		{52E4AEAC-238F-4834-BAC6-D02C53CC93B9}.Release|Any CPU.Build.0 = Release|Any CPU
		{6E6958A5-BF5E-4981-B514-C0043C61DDF8}.Debug|Any CPU.ActiveCfg = Debug|Any CPU
		{6E6958A5-BF5E-4981-B514-C0043C61DDF8}.Debug|Any CPU.Build.0 = Debug|Any CPU
		{6E6958A5-BF5E-4981-B514-C0043C61DDF8}.Release|Any CPU.ActiveCfg = Release|Any CPU
		{6E6958A5-BF5E-4981-B514-C0043C61DDF8}.Release|Any CPU.Build.0 = Release|Any CPU
		{4D0CEBDF-6BF0-456B-9DAC-33F88E84B7EC}.Debug|Any CPU.ActiveCfg = Debug|Any CPU
		{4D0CEBDF-6BF0-456B-9DAC-33F88E84B7EC}.Debug|Any CPU.Build.0 = Debug|Any CPU
		{4D0CEBDF-6BF0-456B-9DAC-33F88E84B7EC}.Release|Any CPU.ActiveCfg = Release|Any CPU
		{4D0CEBDF-6BF0-456B-9DAC-33F88E84B7EC}.Release|Any CPU.Build.0 = Release|Any CPU
		{7AD2824C-3E3A-4EAE-AB26-F8DE0115C23D}.Debug|Any CPU.ActiveCfg = Debug|Any CPU
		{7AD2824C-3E3A-4EAE-AB26-F8DE0115C23D}.Debug|Any CPU.Build.0 = Debug|Any CPU
		{7AD2824C-3E3A-4EAE-AB26-F8DE0115C23D}.Release|Any CPU.ActiveCfg = Release|Any CPU
		{7AD2824C-3E3A-4EAE-AB26-F8DE0115C23D}.Release|Any CPU.Build.0 = Release|Any CPU
		{18FF4834-91F8-417C-87CE-BFEA9E3120EA}.Debug|Any CPU.ActiveCfg = Debug|Any CPU
		{18FF4834-91F8-417C-87CE-BFEA9E3120EA}.Debug|Any CPU.Build.0 = Debug|Any CPU
		{18FF4834-91F8-417C-87CE-BFEA9E3120EA}.Release|Any CPU.ActiveCfg = Release|Any CPU
		{18FF4834-91F8-417C-87CE-BFEA9E3120EA}.Release|Any CPU.Build.0 = Release|Any CPU
		{A7A37B05-482B-41A3-93D1-4D15C30F6CB6}.Debug|Any CPU.ActiveCfg = Debug|Any CPU
		{A7A37B05-482B-41A3-93D1-4D15C30F6CB6}.Debug|Any CPU.Build.0 = Debug|Any CPU
		{A7A37B05-482B-41A3-93D1-4D15C30F6CB6}.Release|Any CPU.ActiveCfg = Release|Any CPU
		{A7A37B05-482B-41A3-93D1-4D15C30F6CB6}.Release|Any CPU.Build.0 = Release|Any CPU
		{4D786DE5-8329-41EB-9793-FC851061EC0D}.Debug|Any CPU.ActiveCfg = Debug|Any CPU
		{4D786DE5-8329-41EB-9793-FC851061EC0D}.Debug|Any CPU.Build.0 = Debug|Any CPU
		{4D786DE5-8329-41EB-9793-FC851061EC0D}.Release|Any CPU.ActiveCfg = Release|Any CPU
		{4D786DE5-8329-41EB-9793-FC851061EC0D}.Release|Any CPU.Build.0 = Release|Any CPU
		{E3874F34-579F-4236-A4BD-4E4601D8E11E}.Debug|Any CPU.ActiveCfg = Debug|Any CPU
		{E3874F34-579F-4236-A4BD-4E4601D8E11E}.Debug|Any CPU.Build.0 = Debug|Any CPU
		{E3874F34-579F-4236-A4BD-4E4601D8E11E}.Release|Any CPU.ActiveCfg = Release|Any CPU
		{E3874F34-579F-4236-A4BD-4E4601D8E11E}.Release|Any CPU.Build.0 = Release|Any CPU
		{A42779D2-DA09-4D13-B92C-9D7BC4FC479A}.Debug|Any CPU.ActiveCfg = Debug|Any CPU
		{A42779D2-DA09-4D13-B92C-9D7BC4FC479A}.Debug|Any CPU.Build.0 = Debug|Any CPU
		{A42779D2-DA09-4D13-B92C-9D7BC4FC479A}.Release|Any CPU.ActiveCfg = Release|Any CPU
		{A42779D2-DA09-4D13-B92C-9D7BC4FC479A}.Release|Any CPU.Build.0 = Release|Any CPU
	EndGlobalSection
	GlobalSection(SolutionProperties) = preSolution
		HideSolutionNode = FALSE
	EndGlobalSection
	GlobalSection(NestedProjects) = preSolution
		{72C3D838-6215-4118-A85C-209707536ADC} = {4BBBC95F-B623-41F6-9E3F-670555F91909}
		{108227A4-940A-4E1B-A68B-30FDCFF800E8} = {72C3D838-6215-4118-A85C-209707536ADC}
		{09E2ED5A-0003-4D63-AEAC-38C25413E1A3} = {72C3D838-6215-4118-A85C-209707536ADC}
		{52E4AEAC-238F-4834-BAC6-D02C53CC93B9} = {72C3D838-6215-4118-A85C-209707536ADC}
		{6E6958A5-BF5E-4981-B514-C0043C61DDF8} = {72C3D838-6215-4118-A85C-209707536ADC}
		{4D0CEBDF-6BF0-456B-9DAC-33F88E84B7EC} = {72C3D838-6215-4118-A85C-209707536ADC}
		{7AD2824C-3E3A-4EAE-AB26-F8DE0115C23D} = {72C3D838-6215-4118-A85C-209707536ADC}
		{C2B4C7AE-DF9E-4F0D-9FC5-1207B6B564EF} = {4BBBC95F-B623-41F6-9E3F-670555F91909}
		{18FF4834-91F8-417C-87CE-BFEA9E3120EA} = {C2B4C7AE-DF9E-4F0D-9FC5-1207B6B564EF}
		{A7A37B05-482B-41A3-93D1-4D15C30F6CB6} = {C2B4C7AE-DF9E-4F0D-9FC5-1207B6B564EF}
		{4D786DE5-8329-41EB-9793-FC851061EC0D} = {C2B4C7AE-DF9E-4F0D-9FC5-1207B6B564EF}
		{E3874F34-579F-4236-A4BD-4E4601D8E11E} = {C2B4C7AE-DF9E-4F0D-9FC5-1207B6B564EF}
		{A42779D2-DA09-4D13-B92C-9D7BC4FC479A} = {C2B4C7AE-DF9E-4F0D-9FC5-1207B6B564EF}
	EndGlobalSection
	GlobalSection(ExtensibilityGlobals) = postSolution
		SolutionGuid = {4663F81B-7A9E-4347-8CB6-3D85F9C9D0FF}
	EndGlobalSection
EndGlobal
